// !$*UTF8*$!
{
	archiveVersion = 1;
	classes = {
	};
	objectVersion = 46;
	objects = {

/* Begin PBXBuildFile section */
		1BD327E21B6E0ADC00C0EFA7 /* AppDelegate.swift in Sources */ = {isa = PBXBuildFile; fileRef = 1BD327E11B6E0ADC00C0EFA7 /* AppDelegate.swift */; };
		1BD327E41B6E0ADC00C0EFA7 /* ViewController.swift in Sources */ = {isa = PBXBuildFile; fileRef = 1BD327E31B6E0ADC00C0EFA7 /* ViewController.swift */; };
		1BD327E71B6E0ADC00C0EFA7 /* Main.storyboard in Resources */ = {isa = PBXBuildFile; fileRef = 1BD327E51B6E0ADC00C0EFA7 /* Main.storyboard */; };
		1BD327E91B6E0ADC00C0EFA7 /* Images.xcassets in Resources */ = {isa = PBXBuildFile; fileRef = 1BD327E81B6E0ADC00C0EFA7 /* Images.xcassets */; };
		1BD327EC1B6E0ADC00C0EFA7 /* LaunchScreen.xib in Resources */ = {isa = PBXBuildFile; fileRef = 1BD327EA1B6E0ADC00C0EFA7 /* LaunchScreen.xib */; };
		1BD327F81B6E0ADC00C0EFA7 /* CAViewTests.swift in Sources */ = {isa = PBXBuildFile; fileRef = 1BD327F71B6E0ADC00C0EFA7 /* CAViewTests.swift */; };
		1BD328021B6E0AED00C0EFA7 /* CAView.swift in Sources */ = {isa = PBXBuildFile; fileRef = 1BD328011B6E0AED00C0EFA7 /* CAView.swift */; };
/* End PBXBuildFile section */

/* Begin PBXContainerItemProxy section */
		1BD327F21B6E0ADC00C0EFA7 /* PBXContainerItemProxy */ = {
			isa = PBXContainerItemProxy;
			containerPortal = 1BD327D41B6E0ADC00C0EFA7 /* Project object */;
			proxyType = 1;
			remoteGlobalIDString = 1BD327DB1B6E0ADC00C0EFA7;
			remoteInfo = CAView;
		};
/* End PBXContainerItemProxy section */

/* Begin PBXFileReference section */
		1BD327DC1B6E0ADC00C0EFA7 /* CAView.app */ = {isa = PBXFileReference; explicitFileType = wrapper.application; includeInIndex = 0; path = CAView.app; sourceTree = BUILT_PRODUCTS_DIR; };
		1BD327E01B6E0ADC00C0EFA7 /* Info.plist */ = {isa = PBXFileReference; lastKnownFileType = text.plist.xml; path = Info.plist; sourceTree = "<group>"; };
		1BD327E11B6E0ADC00C0EFA7 /* AppDelegate.swift */ = {isa = PBXFileReference; lastKnownFileType = sourcecode.swift; path = AppDelegate.swift; sourceTree = "<group>"; };
		1BD327E31B6E0ADC00C0EFA7 /* ViewController.swift */ = {isa = PBXFileReference; lastKnownFileType = sourcecode.swift; path = ViewController.swift; sourceTree = "<group>"; };
		1BD327E61B6E0ADC00C0EFA7 /* Base */ = {isa = PBXFileReference; lastKnownFileType = file.storyboard; name = Base; path = Base.lproj/Main.storyboard; sourceTree = "<group>"; };
		1BD327E81B6E0ADC00C0EFA7 /* Images.xcassets */ = {isa = PBXFileReference; lastKnownFileType = folder.assetcatalog; path = Images.xcassets; sourceTree = "<group>"; };
		1BD327EB1B6E0ADC00C0EFA7 /* Base */ = {isa = PBXFileReference; lastKnownFileType = file.xib; name = Base; path = Base.lproj/LaunchScreen.xib; sourceTree = "<group>"; };
		1BD327F11B6E0ADC00C0EFA7 /* CAViewTests.xctest */ = {isa = PBXFileReference; explicitFileType = wrapper.cfbundle; includeInIndex = 0; path = CAViewTests.xctest; sourceTree = BUILT_PRODUCTS_DIR; };
		1BD327F61B6E0ADC00C0EFA7 /* Info.plist */ = {isa = PBXFileReference; lastKnownFileType = text.plist.xml; path = Info.plist; sourceTree = "<group>"; };
		1BD327F71B6E0ADC00C0EFA7 /* CAViewTests.swift */ = {isa = PBXFileReference; lastKnownFileType = sourcecode.swift; path = CAViewTests.swift; sourceTree = "<group>"; };
		1BD328011B6E0AED00C0EFA7 /* CAView.swift */ = {isa = PBXFileReference; fileEncoding = 4; lastKnownFileType = sourcecode.swift; path = CAView.swift; sourceTree = "<group>"; };
/* End PBXFileReference section */

/* Begin PBXFrameworksBuildPhase section */
		1BD327D91B6E0ADC00C0EFA7 /* Frameworks */ = {
			isa = PBXFrameworksBuildPhase;
			buildActionMask = 2147483647;
			files = (
			);
			runOnlyForDeploymentPostprocessing = 0;
		};
		1BD327EE1B6E0ADC00C0EFA7 /* Frameworks */ = {
			isa = PBXFrameworksBuildPhase;
			buildActionMask = 2147483647;
			files = (
			);
			runOnlyForDeploymentPostprocessing = 0;
		};
/* End PBXFrameworksBuildPhase section */

/* Begin PBXGroup section */
		1BD327D31B6E0ADC00C0EFA7 = {
			isa = PBXGroup;
			children = (
				1BD327DE1B6E0ADC00C0EFA7 /* CAView */,
				1BD327F41B6E0ADC00C0EFA7 /* CAViewTests */,
				1BD327DD1B6E0ADC00C0EFA7 /* Products */,
			);
			sourceTree = "<group>";
		};
		1BD327DD1B6E0ADC00C0EFA7 /* Products */ = {
			isa = PBXGroup;
			children = (
				1BD327DC1B6E0ADC00C0EFA7 /* CAView.app */,
				1BD327F11B6E0ADC00C0EFA7 /* CAViewTests.xctest */,
			);
			name = Products;
			sourceTree = "<group>";
		};
		1BD327DE1B6E0ADC00C0EFA7 /* CAView */ = {
			isa = PBXGroup;
			children = (
				1BD327E11B6E0ADC00C0EFA7 /* AppDelegate.swift */,
				1BD327E31B6E0ADC00C0EFA7 /* ViewController.swift */,
				1BD327E51B6E0ADC00C0EFA7 /* Main.storyboard */,
				1BD327E81B6E0ADC00C0EFA7 /* Images.xcassets */,
				1BD327EA1B6E0ADC00C0EFA7 /* LaunchScreen.xib */,
				1BD327DF1B6E0ADC00C0EFA7 /* Supporting Files */,
				1BD328011B6E0AED00C0EFA7 /* CAView.swift */,
			);
			path = CAView;
			sourceTree = "<group>";
		};
		1BD327DF1B6E0ADC00C0EFA7 /* Supporting Files */ = {
			isa = PBXGroup;
			children = (
				1BD327E01B6E0ADC00C0EFA7 /* Info.plist */,
			);
			name = "Supporting Files";
			sourceTree = "<group>";
		};
		1BD327F41B6E0ADC00C0EFA7 /* CAViewTests */ = {
			isa = PBXGroup;
			children = (
				1BD327F71B6E0ADC00C0EFA7 /* CAViewTests.swift */,
				1BD327F51B6E0ADC00C0EFA7 /* Supporting Files */,
			);
			path = CAViewTests;
			sourceTree = "<group>";
		};
		1BD327F51B6E0ADC00C0EFA7 /* Supporting Files */ = {
			isa = PBXGroup;
			children = (
				1BD327F61B6E0ADC00C0EFA7 /* Info.plist */,
			);
			name = "Supporting Files";
			sourceTree = "<group>";
		};
/* End PBXGroup section */

/* Begin PBXNativeTarget section */
		1BD327DB1B6E0ADC00C0EFA7 /* CAView */ = {
			isa = PBXNativeTarget;
			buildConfigurationList = 1BD327FB1B6E0ADC00C0EFA7 /* Build configuration list for PBXNativeTarget "CAView" */;
			buildPhases = (
				1BD327D81B6E0ADC00C0EFA7 /* Sources */,
				1BD327D91B6E0ADC00C0EFA7 /* Frameworks */,
				1BD327DA1B6E0ADC00C0EFA7 /* Resources */,
			);
			buildRules = (
			);
			dependencies = (
			);
			name = CAView;
			productName = CAView;
			productReference = 1BD327DC1B6E0ADC00C0EFA7 /* CAView.app */;
			productType = "com.apple.product-type.application";
		};
		1BD327F01B6E0ADC00C0EFA7 /* CAViewTests */ = {
			isa = PBXNativeTarget;
			buildConfigurationList = 1BD327FE1B6E0ADC00C0EFA7 /* Build configuration list for PBXNativeTarget "CAViewTests" */;
			buildPhases = (
				1BD327ED1B6E0ADC00C0EFA7 /* Sources */,
				1BD327EE1B6E0ADC00C0EFA7 /* Frameworks */,
				1BD327EF1B6E0ADC00C0EFA7 /* Resources */,
			);
			buildRules = (
			);
			dependencies = (
				1BD327F31B6E0ADC00C0EFA7 /* PBXTargetDependency */,
			);
			name = CAViewTests;
			productName = CAViewTests;
			productReference = 1BD327F11B6E0ADC00C0EFA7 /* CAViewTests.xctest */;
			productType = "com.apple.product-type.bundle.unit-test";
		};
/* End PBXNativeTarget section */

/* Begin PBXProject section */
		1BD327D41B6E0ADC00C0EFA7 /* Project object */ = {
			isa = PBXProject;
			attributes = {
				LastSwiftUpdateCheck = 0710;
				LastUpgradeCheck = 0710;
				ORGANIZATIONNAME = "Flávio Silvério";
				TargetAttributes = {
					1BD327DB1B6E0ADC00C0EFA7 = {
						CreatedOnToolsVersion = 6.3;
					};
					1BD327F01B6E0ADC00C0EFA7 = {
						CreatedOnToolsVersion = 6.3;
						TestTargetID = 1BD327DB1B6E0ADC00C0EFA7;
					};
				};
			};
			buildConfigurationList = 1BD327D71B6E0ADC00C0EFA7 /* Build configuration list for PBXProject "CAView" */;
			compatibilityVersion = "Xcode 3.2";
			developmentRegion = English;
			hasScannedForEncodings = 0;
			knownRegions = (
				en,
				Base,
			);
			mainGroup = 1BD327D31B6E0ADC00C0EFA7;
			productRefGroup = 1BD327DD1B6E0ADC00C0EFA7 /* Products */;
			projectDirPath = "";
			projectRoot = "";
			targets = (
				1BD327DB1B6E0ADC00C0EFA7 /* CAView */,
				1BD327F01B6E0ADC00C0EFA7 /* CAViewTests */,
			);
		};
/* End PBXProject section */

/* Begin PBXResourcesBuildPhase section */
		1BD327DA1B6E0ADC00C0EFA7 /* Resources */ = {
			isa = PBXResourcesBuildPhase;
			buildActionMask = 2147483647;
			files = (
				1BD327E71B6E0ADC00C0EFA7 /* Main.storyboard in Resources */,
				1BD327EC1B6E0ADC00C0EFA7 /* LaunchScreen.xib in Resources */,
				1BD327E91B6E0ADC00C0EFA7 /* Images.xcassets in Resources */,
			);
			runOnlyForDeploymentPostprocessing = 0;
		};
		1BD327EF1B6E0ADC00C0EFA7 /* Resources */ = {
			isa = PBXResourcesBuildPhase;
			buildActionMask = 2147483647;
			files = (
			);
			runOnlyForDeploymentPostprocessing = 0;
		};
/* End PBXResourcesBuildPhase section */

/* Begin PBXSourcesBuildPhase section */
		1BD327D81B6E0ADC00C0EFA7 /* Sources */ = {
			isa = PBXSourcesBuildPhase;
			buildActionMask = 2147483647;
			files = (
				1BD327E41B6E0ADC00C0EFA7 /* ViewController.swift in Sources */,
				1BD328021B6E0AED00C0EFA7 /* CAView.swift in Sources */,
				1BD327E21B6E0ADC00C0EFA7 /* AppDelegate.swift in Sources */,
			);
			runOnlyForDeploymentPostprocessing = 0;
		};
		1BD327ED1B6E0ADC00C0EFA7 /* Sources */ = {
			isa = PBXSourcesBuildPhase;
			buildActionMask = 2147483647;
			files = (
				1BD327F81B6E0ADC00C0EFA7 /* CAViewTests.swift in Sources */,
			);
			runOnlyForDeploymentPostprocessing = 0;
		};
/* End PBXSourcesBuildPhase section */

/* Begin PBXTargetDependency section */
		1BD327F31B6E0ADC00C0EFA7 /* PBXTargetDependency */ = {
			isa = PBXTargetDependency;
			target = 1BD327DB1B6E0ADC00C0EFA7 /* CAView */;
			targetProxy = 1BD327F21B6E0ADC00C0EFA7 /* PBXContainerItemProxy */;
		};
/* End PBXTargetDependency section */

/* Begin PBXVariantGroup section */
		1BD327E51B6E0ADC00C0EFA7 /* Main.storyboard */ = {
			isa = PBXVariantGroup;
			children = (
				1BD327E61B6E0ADC00C0EFA7 /* Base */,
			);
			name = Main.storyboard;
			sourceTree = "<group>";
		};
		1BD327EA1B6E0ADC00C0EFA7 /* LaunchScreen.xib */ = {
			isa = PBXVariantGroup;
			children = (
				1BD327EB1B6E0ADC00C0EFA7 /* Base */,
			);
			name = LaunchScreen.xib;
			sourceTree = "<group>";
		};
/* End PBXVariantGroup section */

/* Begin XCBuildConfiguration section */
		1BD327F91B6E0ADC00C0EFA7 /* Debug */ = {
			isa = XCBuildConfiguration;
			buildSettings = {
				ALWAYS_SEARCH_USER_PATHS = NO;
				CLANG_CXX_LANGUAGE_STANDARD = "gnu++0x";
				CLANG_CXX_LIBRARY = "libc++";
				CLANG_ENABLE_MODULES = YES;
				CLANG_ENABLE_OBJC_ARC = YES;
				CLANG_WARN_BOOL_CONVERSION = YES;
				CLANG_WARN_CONSTANT_CONVERSION = YES;
				CLANG_WARN_DIRECT_OBJC_ISA_USAGE = YES_ERROR;
				CLANG_WARN_EMPTY_BODY = YES;
				CLANG_WARN_ENUM_CONVERSION = YES;
				CLANG_WARN_INT_CONVERSION = YES;
				CLANG_WARN_OBJC_ROOT_CLASS = YES_ERROR;
				CLANG_WARN_UNREACHABLE_CODE = YES;
				CLANG_WARN__DUPLICATE_METHOD_MATCH = YES;
				"CODE_SIGN_IDENTITY[sdk=iphoneos*]" = "iPhone Developer";
				COPY_PHASE_STRIP = NO;
				DEBUG_INFORMATION_FORMAT = "dwarf-with-dsym";
				ENABLE_STRICT_OBJC_MSGSEND = YES;
				GCC_C_LANGUAGE_STANDARD = gnu99;
				GCC_DYNAMIC_NO_PIC = NO;
				GCC_NO_COMMON_BLOCKS = YES;
				GCC_OPTIMIZATION_LEVEL = 0;
				GCC_PREPROCESSOR_DEFINITIONS = (
					"DEBUG=1",
					"$(inherited)",
				);
				GCC_SYMBOLS_PRIVATE_EXTERN = NO;
				GCC_WARN_64_TO_32_BIT_CONVERSION = YES;
				GCC_WARN_ABOUT_RETURN_TYPE = YES_ERROR;
				GCC_WARN_UNDECLARED_SELECTOR = YES;
				GCC_WARN_UNINITIALIZED_AUTOS = YES_AGGRESSIVE;
				GCC_WARN_UNUSED_FUNCTION = YES;
				GCC_WARN_UNUSED_VARIABLE = YES;
				IPHONEOS_DEPLOYMENT_TARGET = 8.3;
				MTL_ENABLE_DEBUG_INFO = YES;
				ONLY_ACTIVE_ARCH = YES;
				SDKROOT = iphoneos;
				SWIFT_OPTIMIZATION_LEVEL = "-Onone";
				TARGETED_DEVICE_FAMILY = "1,2";
			};
			name = Debug;
		};
		1BD327FA1B6E0ADC00C0EFA7 /* Release */ = {
			isa = XCBuildConfiguration;
			buildSettings = {
				ALWAYS_SEARCH_USER_PATHS = NO;
				CLANG_CXX_LANGUAGE_STANDARD = "gnu++0x";
				CLANG_CXX_LIBRARY = "libc++";
				CLANG_ENABLE_MODULES = YES;
				CLANG_ENABLE_OBJC_ARC = YES;
				CLANG_WARN_BOOL_CONVERSION = YES;
				CLANG_WARN_CONSTANT_CONVERSION = YES;
				CLANG_WARN_DIRECT_OBJC_ISA_USAGE = YES_ERROR;
				CLANG_WARN_EMPTY_BODY = YES;
				CLANG_WARN_ENUM_CONVERSION = YES;
				CLANG_WARN_INT_CONVERSION = YES;
				CLANG_WARN_OBJC_ROOT_CLASS = YES_ERROR;
				CLANG_WARN_UNREACHABLE_CODE = YES;
				CLANG_WARN__DUPLICATE_METHOD_MATCH = YES;
				"CODE_SIGN_IDENTITY[sdk=iphoneos*]" = "iPhone Developer";
				COPY_PHASE_STRIP = NO;
				DEBUG_INFORMATION_FORMAT = "dwarf-with-dsym";
				ENABLE_NS_ASSERTIONS = NO;
				ENABLE_STRICT_OBJC_MSGSEND = YES;
				GCC_C_LANGUAGE_STANDARD = gnu99;
				GCC_NO_COMMON_BLOCKS = YES;
				GCC_WARN_64_TO_32_BIT_CONVERSION = YES;
				GCC_WARN_ABOUT_RETURN_TYPE = YES_ERROR;
				GCC_WARN_UNDECLARED_SELECTOR = YES;
				GCC_WARN_UNINITIALIZED_AUTOS = YES_AGGRESSIVE;
				GCC_WARN_UNUSED_FUNCTION = YES;
				GCC_WARN_UNUSED_VARIABLE = YES;
				IPHONEOS_DEPLOYMENT_TARGET = 8.3;
				MTL_ENABLE_DEBUG_INFO = NO;
				SDKROOT = iphoneos;
				TARGETED_DEVICE_FAMILY = "1,2";
				VALIDATE_PRODUCT = YES;
			};
			name = Release;
		};
		1BD327FC1B6E0ADC00C0EFA7 /* Debug */ = {
			isa = XCBuildConfiguration;
			buildSettings = {
				ASSETCATALOG_COMPILER_APPICON_NAME = AppIcon;
				INFOPLIST_FILE = CAView/Info.plist;
				LD_RUNPATH_SEARCH_PATHS = "$(inherited) @executable_path/Frameworks";
				PRODUCT_NAME = "$(TARGET_NAME)";
			};
			name = Debug;
		};
		1BD327FD1B6E0ADC00C0EFA7 /* Release */ = {
			isa = XCBuildConfiguration;
			buildSettings = {
				ASSETCATALOG_COMPILER_APPICON_NAME = AppIcon;
				INFOPLIST_FILE = CAView/Info.plist;
				LD_RUNPATH_SEARCH_PATHS = "$(inherited) @executable_path/Frameworks";
				PRODUCT_NAME = "$(TARGET_NAME)";
			};
			name = Release;
		};
		1BD327FF1B6E0ADC00C0EFA7 /* Debug */ = {
			isa = XCBuildConfiguration;
			buildSettings = {
				BUNDLE_LOADER = "$(TEST_HOST)";
				FRAMEWORK_SEARCH_PATHS = (
					"$(SDKROOT)/Developer/Library/Frameworks",
					"$(inherited)",
				);
				GCC_PREPROCESSOR_DEFINITIONS = (
					"DEBUG=1",
					"$(inherited)",
				);
				INFOPLIST_FILE = CAViewTests/Info.plist;
				LD_RUNPATH_SEARCH_PATHS = "$(inherited) @executable_path/Frameworks @loader_path/Frameworks";
				PRODUCT_NAME = "$(TARGET_NAME)";
				TEST_HOST = "$(BUILT_PRODUCTS_DIR)/CAView.app/CAView";
			};
			name = Debug;
		};
		1BD328001B6E0ADC00C0EFA7 /* Release */ = {
			isa = XCBuildConfiguration;
			buildSettings = {
				BUNDLE_LOADER = "$(TEST_HOST)";
				FRAMEWORK_SEARCH_PATHS = (
					"$(SDKROOT)/Developer/Library/Frameworks",
					"$(inherited)",
				);
				INFOPLIST_FILE = CAViewTests/Info.plist;
				LD_RUNPATH_SEARCH_PATHS = "$(inherited) @executable_path/Frameworks @loader_path/Frameworks";
				PRODUCT_NAME = "$(TARGET_NAME)";
				TEST_HOST = "$(BUILT_PRODUCTS_DIR)/CAView.app/CAView";
			};
			name = Release;
		};
/* End XCBuildConfiguration section */

/* Begin XCConfigurationList section */
		1BD327D71B6E0ADC00C0EFA7 /* Build configuration list for PBXProject "CAView" */ = {
			isa = XCConfigurationList;
			buildConfigurations = (
				1BD327F91B6E0ADC00C0EFA7 /* Debug */,
				1BD327FA1B6E0ADC00C0EFA7 /* Release */,
			);
			defaultConfigurationIsVisible = 0;
			defaultConfigurationName = Release;
		};
		1BD327FB1B6E0ADC00C0EFA7 /* Build configuration list for PBXNativeTarget "CAView" */ = {
			isa = XCConfigurationList;
			buildConfigurations = (
				1BD327FC1B6E0ADC00C0EFA7 /* Debug */,
				1BD327FD1B6E0ADC00C0EFA7 /* Release */,
			);
			defaultConfigurationIsVisible = 0;
			defaultConfigurationName = Release;
		};
		1BD327FE1B6E0ADC00C0EFA7 /* Build configuration list for PBXNativeTarget "CAViewTests" */ = {
			isa = XCConfigurationList;
			buildConfigurations = (
				1BD327FF1B6E0ADC00C0EFA7 /* Debug */,
				1BD328001B6E0ADC00C0EFA7 /* Release */,
			);
			defaultConfigurationIsVisible = 0;
			defaultConfigurationName = Release;
		};
/* End XCConfigurationList section */
	};
	rootObject = 1BD327D41B6E0ADC00C0EFA7 /* Project object */;
}
